
Microsoft Visual Studio Solution File, Format Version 12.00
# Visual Studio Version 16
VisualStudioVersion = 16.0.29519.87
MinimumVisualStudioVersion = 10.0.40219.1
Project("{9A19103F-16F7-4668-BE54-9A1E7A4F7556}") = "Nigel.Core", "Nigel.Core\Nigel.Core.csproj", "{07E572A5-A2FC-410F-86CA-ECBDED61C619}"
EndProject
Project("{FAE04EC0-301F-11D3-BF4B-00C04F79EFBC}") = "Nige.Core.NUnitTest", "Nige.Core.NUnitTest\Nige.Core.NUnitTest.csproj", "{9D8717F3-D5B6-46A5-9962-8353927100CF}"
EndProject
Global
	GlobalSection(SolutionConfigurationPlatforms) = preSolution
		Debug|Any CPU = Debug|Any CPU
		Release|Any CPU = Release|Any CPU
	EndGlobalSection
	GlobalSection(ProjectConfigurationPlatforms) = postSolution
		{07E572A5-A2FC-410F-86CA-ECBDED61C619}.Debug|Any CPU.ActiveCfg = Debug|Any CPU
		{07E572A5-A2FC-410F-86CA-ECBDED61C619}.Debug|Any CPU.Build.0 = Debug|Any CPU
		{07E572A5-A2FC-410F-86CA-ECBDED61C619}.Release|Any CPU.ActiveCfg = Release|Any CPU
		{07E572A5-A2FC-410F-86CA-ECBDED61C619}.Release|Any CPU.Build.0 = Release|Any CPU
		{9D8717F3-D5B6-46A5-9962-8353927100CF}.Debug|Any CPU.ActiveCfg = Debug|Any CPU
		{9D8717F3-D5B6-46A5-9962-8353927100CF}.Debug|Any CPU.Build.0 = Debug|Any CPU
		{9D8717F3-D5B6-46A5-9962-8353927100CF}.Release|Any CPU.ActiveCfg = Release|Any CPU
		{9D8717F3-D5B6-46A5-9962-8353927100CF}.Release|Any CPU.Build.0 = Release|Any CPU
	EndGlobalSection
	GlobalSection(SolutionProperties) = preSolution
		HideSolutionNode = FALSE
	EndGlobalSection
	GlobalSection(ExtensibilityGlobals) = postSolution
		SolutionGuid = {8608D4F2-FCE9-4E97-A888-360DDE22FF96}
	EndGlobalSection
EndGlobal
