
Microsoft Visual Studio Solution File, Format Version 12.00
# Visual Studio Version 16
VisualStudioVersion = 16.0.29519.87
MinimumVisualStudioVersion = 10.0.40219.1
Project("{9A19103F-16F7-4668-BE54-9A1E7A4F7556}") = "Nigel", "Nigel\Nigel.csproj", "{6620FF59-EC6B-4907-8B67-B94BE4011557}"
EndProject
Project("{9A19103F-16F7-4668-BE54-9A1E7A4F7556}") = "Nigel.Drawing", "Nigel.Drawing\Nigel.Drawing.csproj", "{FBC29720-37A4-4148-B013-BEC02FED7690}"
EndProject
Project("{9A19103F-16F7-4668-BE54-9A1E7A4F7556}") = "Nigel.Tests", "Nigel.Tests\Nigel.Tests.csproj", "{B679C5DB-CB0C-458E-A4B6-A0190CA7A549}"
EndProject
Project("{9A19103F-16F7-4668-BE54-9A1E7A4F7556}") = "Nigel.Core", "Nigel.Core\Nigel.Core.csproj", "{4105BB6A-6C0F-402A-B807-4AD8F68C9F6C}"
EndProject
Project("{2150E333-8FDC-42A3-9474-1A3956D46DE8}") = "1-基础库", "1-基础库", "{2C85BDD2-6ADC-47A6-9981-3627A5466906}"
EndProject
Project("{9A19103F-16F7-4668-BE54-9A1E7A4F7556}") = "Nigel.WebTests", "Nigel.WebTests\Nigel.WebTests.csproj", "{8D975BE0-AD10-484C-A087-C4DB5E1896AD}"
EndProject
Project("{9A19103F-16F7-4668-BE54-9A1E7A4F7556}") = "Nigel.Data", "Nigel.Data\Nigel.Data.csproj", "{D88D4B13-3ACE-44B9-BEBB-A4F846DCE49C}"
EndProject
Project("{9A19103F-16F7-4668-BE54-9A1E7A4F7556}") = "Nigel.ApiTests", "Nigel.ApiTests\Nigel.ApiTests.csproj", "{1809A299-0BAB-44DB-ABED-4114F4086913}"
EndProject
Project("{2150E333-8FDC-42A3-9474-1A3956D46DE8}") = "2-Core", "2-Core", "{F0B53AF5-65A3-4BD2-8E2A-2E2A44735894}"
EndProject
Project("{2150E333-8FDC-42A3-9474-1A3956D46DE8}") = "3-Test", "3-Test", "{66EF3E61-EA97-4FBD-8115-BAC31EAB4C6F}"
EndProject
Project("{2150E333-8FDC-42A3-9474-1A3956D46DE8}") = "NUnit", "NUnit", "{2AF38334-D69F-4169-B303-B5AAC3A38547}"
EndProject
Project("{9A19103F-16F7-4668-BE54-9A1E7A4F7556}") = "Nigel.Core.Jwt", "Nigel.Core.Jwt\Nigel.Core.Jwt.csproj", "{9F6A07C9-DD92-4644-8DF9-7701D26E2F5A}"
EndProject
Global
	GlobalSection(SolutionConfigurationPlatforms) = preSolution
		Debug|Any CPU = Debug|Any CPU
		Release|Any CPU = Release|Any CPU
	EndGlobalSection
	GlobalSection(ProjectConfigurationPlatforms) = postSolution
		{6620FF59-EC6B-4907-8B67-B94BE4011557}.Debug|Any CPU.ActiveCfg = Debug|Any CPU
		{6620FF59-EC6B-4907-8B67-B94BE4011557}.Debug|Any CPU.Build.0 = Debug|Any CPU
		{6620FF59-EC6B-4907-8B67-B94BE4011557}.Release|Any CPU.ActiveCfg = Release|Any CPU
		{6620FF59-EC6B-4907-8B67-B94BE4011557}.Release|Any CPU.Build.0 = Release|Any CPU
		{FBC29720-37A4-4148-B013-BEC02FED7690}.Debug|Any CPU.ActiveCfg = Debug|Any CPU
		{FBC29720-37A4-4148-B013-BEC02FED7690}.Debug|Any CPU.Build.0 = Debug|Any CPU
		{FBC29720-37A4-4148-B013-BEC02FED7690}.Release|Any CPU.ActiveCfg = Release|Any CPU
		{FBC29720-37A4-4148-B013-BEC02FED7690}.Release|Any CPU.Build.0 = Release|Any CPU
		{B679C5DB-CB0C-458E-A4B6-A0190CA7A549}.Debug|Any CPU.ActiveCfg = Debug|Any CPU
		{B679C5DB-CB0C-458E-A4B6-A0190CA7A549}.Debug|Any CPU.Build.0 = Debug|Any CPU
		{B679C5DB-CB0C-458E-A4B6-A0190CA7A549}.Release|Any CPU.ActiveCfg = Release|Any CPU
		{B679C5DB-CB0C-458E-A4B6-A0190CA7A549}.Release|Any CPU.Build.0 = Release|Any CPU
		{4105BB6A-6C0F-402A-B807-4AD8F68C9F6C}.Debug|Any CPU.ActiveCfg = Debug|Any CPU
		{4105BB6A-6C0F-402A-B807-4AD8F68C9F6C}.Debug|Any CPU.Build.0 = Debug|Any CPU
		{4105BB6A-6C0F-402A-B807-4AD8F68C9F6C}.Release|Any CPU.ActiveCfg = Release|Any CPU
		{4105BB6A-6C0F-402A-B807-4AD8F68C9F6C}.Release|Any CPU.Build.0 = Release|Any CPU
		{8D975BE0-AD10-484C-A087-C4DB5E1896AD}.Debug|Any CPU.ActiveCfg = Debug|Any CPU
		{8D975BE0-AD10-484C-A087-C4DB5E1896AD}.Debug|Any CPU.Build.0 = Debug|Any CPU
		{8D975BE0-AD10-484C-A087-C4DB5E1896AD}.Release|Any CPU.ActiveCfg = Release|Any CPU
		{8D975BE0-AD10-484C-A087-C4DB5E1896AD}.Release|Any CPU.Build.0 = Release|Any CPU
		{D88D4B13-3ACE-44B9-BEBB-A4F846DCE49C}.Debug|Any CPU.ActiveCfg = Debug|Any CPU
		{D88D4B13-3ACE-44B9-BEBB-A4F846DCE49C}.Debug|Any CPU.Build.0 = Debug|Any CPU
		{D88D4B13-3ACE-44B9-BEBB-A4F846DCE49C}.Release|Any CPU.ActiveCfg = Release|Any CPU
		{D88D4B13-3ACE-44B9-BEBB-A4F846DCE49C}.Release|Any CPU.Build.0 = Release|Any CPU
		{1809A299-0BAB-44DB-ABED-4114F4086913}.Debug|Any CPU.ActiveCfg = Debug|Any CPU
		{1809A299-0BAB-44DB-ABED-4114F4086913}.Debug|Any CPU.Build.0 = Debug|Any CPU
		{1809A299-0BAB-44DB-ABED-4114F4086913}.Release|Any CPU.ActiveCfg = Release|Any CPU
		{1809A299-0BAB-44DB-ABED-4114F4086913}.Release|Any CPU.Build.0 = Release|Any CPU
		{9F6A07C9-DD92-4644-8DF9-7701D26E2F5A}.Debug|Any CPU.ActiveCfg = Debug|Any CPU
		{9F6A07C9-DD92-4644-8DF9-7701D26E2F5A}.Debug|Any CPU.Build.0 = Debug|Any CPU
		{9F6A07C9-DD92-4644-8DF9-7701D26E2F5A}.Release|Any CPU.ActiveCfg = Release|Any CPU
		{9F6A07C9-DD92-4644-8DF9-7701D26E2F5A}.Release|Any CPU.Build.0 = Release|Any CPU
	EndGlobalSection
	GlobalSection(SolutionProperties) = preSolution
		HideSolutionNode = FALSE
	EndGlobalSection
	GlobalSection(NestedProjects) = preSolution
		{6620FF59-EC6B-4907-8B67-B94BE4011557} = {2C85BDD2-6ADC-47A6-9981-3627A5466906}
		{FBC29720-37A4-4148-B013-BEC02FED7690} = {2C85BDD2-6ADC-47A6-9981-3627A5466906}
		{B679C5DB-CB0C-458E-A4B6-A0190CA7A549} = {2AF38334-D69F-4169-B303-B5AAC3A38547}
		{4105BB6A-6C0F-402A-B807-4AD8F68C9F6C} = {F0B53AF5-65A3-4BD2-8E2A-2E2A44735894}
		{8D975BE0-AD10-484C-A087-C4DB5E1896AD} = {66EF3E61-EA97-4FBD-8115-BAC31EAB4C6F}
		{D88D4B13-3ACE-44B9-BEBB-A4F846DCE49C} = {F0B53AF5-65A3-4BD2-8E2A-2E2A44735894}
		{1809A299-0BAB-44DB-ABED-4114F4086913} = {66EF3E61-EA97-4FBD-8115-BAC31EAB4C6F}
		{2AF38334-D69F-4169-B303-B5AAC3A38547} = {66EF3E61-EA97-4FBD-8115-BAC31EAB4C6F}
		{9F6A07C9-DD92-4644-8DF9-7701D26E2F5A} = {F0B53AF5-65A3-4BD2-8E2A-2E2A44735894}
	EndGlobalSection
	GlobalSection(ExtensibilityGlobals) = postSolution
		SolutionGuid = {8608D4F2-FCE9-4E97-A888-360DDE22FF96}
	EndGlobalSection
EndGlobal
